
Microsoft Visual Studio Solution File, Format Version 12.00
# Visual Studio Version 17
VisualStudioVersion = 17.4.33110.190
MinimumVisualStudioVersion = 10.0.40219.1
Project("{2150E333-8FDC-42A3-9474-1A3956D46DE8}") = "FrontEnd", "FrontEnd", "{98EA9AFE-2413-4598-98E7-E1A21E745B95}"
EndProject
Project("{2150E333-8FDC-42A3-9474-1A3956D46DE8}") = "Services", "Services", "{97FDE30E-9E83-4CEC-8F3D-F472176F0436}"
EndProject
Project("{FAE04EC0-301F-11D3-BF4B-00C04F79EFBC}") = "GeekShopping.Web", "GeekShopping.Web\GeekShopping.Web.csproj", "{5A0E40DB-3000-4DB8-AD4C-C755B11ACA98}"
EndProject
Project("{FAE04EC0-301F-11D3-BF4B-00C04F79EFBC}") = "GeekShopping.ProductAPI", "GeekShopping.ProductAPI\GeekShopping.ProductAPI.csproj", "{4FA0C923-CAD8-4B0D-9500-9F839B8D67FA}"
EndProject
Global
	GlobalSection(SolutionConfigurationPlatforms) = preSolution
		Debug|Any CPU = Debug|Any CPU
		Release|Any CPU = Release|Any CPU
	EndGlobalSection
	GlobalSection(ProjectConfigurationPlatforms) = postSolution
		{5A0E40DB-3000-4DB8-AD4C-C755B11ACA98}.Debug|Any CPU.ActiveCfg = Debug|Any CPU
		{5A0E40DB-3000-4DB8-AD4C-C755B11ACA98}.Debug|Any CPU.Build.0 = Debug|Any CPU
		{5A0E40DB-3000-4DB8-AD4C-C755B11ACA98}.Release|Any CPU.ActiveCfg = Release|Any CPU
		{5A0E40DB-3000-4DB8-AD4C-C755B11ACA98}.Release|Any CPU.Build.0 = Release|Any CPU
		{4FA0C923-CAD8-4B0D-9500-9F839B8D67FA}.Debug|Any CPU.ActiveCfg = Debug|Any CPU
		{4FA0C923-CAD8-4B0D-9500-9F839B8D67FA}.Debug|Any CPU.Build.0 = Debug|Any CPU
		{4FA0C923-CAD8-4B0D-9500-9F839B8D67FA}.Release|Any CPU.ActiveCfg = Release|Any CPU
		{4FA0C923-CAD8-4B0D-9500-9F839B8D67FA}.Release|Any CPU.Build.0 = Release|Any CPU
	EndGlobalSection
	GlobalSection(SolutionProperties) = preSolution
		HideSolutionNode = FALSE
	EndGlobalSection
	GlobalSection(NestedProjects) = preSolution
		{5A0E40DB-3000-4DB8-AD4C-C755B11ACA98} = {98EA9AFE-2413-4598-98E7-E1A21E745B95}
		{4FA0C923-CAD8-4B0D-9500-9F839B8D67FA} = {97FDE30E-9E83-4CEC-8F3D-F472176F0436}
	EndGlobalSection
	GlobalSection(ExtensibilityGlobals) = postSolution
		SolutionGuid = {19DC01B1-DF58-4E48-BE61-8FAF37D665AA}
	EndGlobalSection
EndGlobal
